{
    "version": 3,
    "terraform_version": "0.11.10",
    "serial": 21,
    "lineage": "ab4e392e-f1ee-1a45-248e-c822ee4533a8",
    "modules": [
        {
            "path": [
                "root"
            ],
            "outputs": {
                "IP": {
                    "sensitive": false,
                    "type": "string",
                    "value": "172.17.0.2"
                },
                "container_name": {
                    "sensitive": false,
                    "type": "string",
                    "value": "dev_blog"
                }
            },
            "resources": {
                "null_resource.null_id": {
                    "type": "null_resource",
                    "depends_on": [
                        "module.container"
                    ],
                    "primary": {
                        "id": "3974369029764759720",
                        "attributes": {
                            "id": "3974369029764759720"
                        },
                        "meta": {},
                        "tainted": false
                    },
                    "deposed": [],
                    "provider": "provider.null"
                }
            },
            "depends_on": []
        },
        {
            "path": [
                "root",
                "container"
            ],
            "outputs": {
                "IP": {
                    "sensitive": false,
                    "type": "string",
                    "value": "172.17.0.2"
                },
                "container_name": {
                    "sensitive": false,
                    "type": "string",
                    "value": "dev_blog"
                }
            },
            "resources": {
                "docker_container.container_id": {
                    "type": "docker_container",
                    "depends_on": [],
                    "primary": {
                        "id": "27beffcf4dfc0f30e1b9a9c0a957d179f080dc7a1a8b19c7dee05b675200bd0f",
                        "attributes": {
                            "attach": "false",
                            "bridge": "",
                            "gateway": "172.17.0.1",
                            "id": "27beffcf4dfc0f30e1b9a9c0a957d179f080dc7a1a8b19c7dee05b675200bd0f",
                            "image": "sha256:31a184261f16fda54ef92c53f985aa8924b3647ef22039e022c5c386bc8898dc",
                            "ip_address": "172.17.0.2",
                            "ip_prefix_length": "16",
                            "log_driver": "json-file",
                            "logs": "false",
                            "must_run": "true",
                            "name": "dev_blog",
                            "network_data.#": "1",
                            "network_data.0.gateway": "172.17.0.1",
                            "network_data.0.ip_address": "172.17.0.2",
                            "network_data.0.ip_prefix_length": "16",
                            "network_data.0.network_name": "bridge",
                            "ports.#": "1",
                            "ports.0.external": "8080",
                            "ports.0.internal": "2368",
                            "ports.0.ip": "0.0.0.0",
                            "ports.0.protocol": "tcp",
                            "restart": "no",
                            "rm": "false",
                            "start": "true"
                        },
                        "meta": {},
                        "tainted": false
                    },
                    "deposed": [],
                    "provider": "provider.docker"
                }
            },
            "depends_on": []
        },
        {
            "path": [
                "root",
                "image"
            ],
            "outputs": {
                "image_out": {
                    "sensitive": false,
                    "type": "string",
                    "value": "sha256:31a184261f16fda54ef92c53f985aa8924b3647ef22039e022c5c386bc8898dc"
                }
            },
            "resources": {
                "docker_image.image_id": {
                    "type": "docker_image",
                    "depends_on": [],
                    "primary": {
                        "id": "sha256:31a184261f16fda54ef92c53f985aa8924b3647ef22039e022c5c386bc8898dcghost:latest",
                        "attributes": {
                            "id": "sha256:31a184261f16fda54ef92c53f985aa8924b3647ef22039e022c5c386bc8898dcghost:latest",
                            "latest": "sha256:31a184261f16fda54ef92c53f985aa8924b3647ef22039e022c5c386bc8898dc",
                            "name": "ghost:latest"
                        },
                        "meta": {},
                        "tainted": false
                    },
                    "deposed": [],
                    "provider": "provider.docker"
                }
            },
            "depends_on": []
        }
    ]
}
